
Microsoft Visual Studio Solution File, Format Version 12.00
# Visual Studio 2012
Project("{E24C65DC-7377-472B-9ABA-BC803B73C61A}") = "project_webtek", ".", "{1282D2A1-ADA0-4E57-9E6A-F8D812B7DF2C}"
	ProjectSection(WebsiteProperties) = preProject
		TargetFrameworkMoniker = ".NETFramework,Version%3Dv4.5"
		Debug.AspNetCompiler.VirtualPath = "/project_webtek"
		Debug.AspNetCompiler.PhysicalPath = "..\..\..\..\Desktop\project_webtek\"
		Debug.AspNetCompiler.TargetPath = "PrecompiledWeb\project_webtek\"
		Debug.AspNetCompiler.Updateable = "true"
		Debug.AspNetCompiler.ForceOverwrite = "true"
		Debug.AspNetCompiler.FixedNames = "false"
		Debug.AspNetCompiler.Debug = "True"
		Release.AspNetCompiler.VirtualPath = "/project_webtek"
		Release.AspNetCompiler.PhysicalPath = "..\..\..\..\Desktop\project_webtek\"
		Release.AspNetCompiler.TargetPath = "PrecompiledWeb\project_webtek\"
		Release.AspNetCompiler.Updateable = "true"
		Release.AspNetCompiler.ForceOverwrite = "true"
		Release.AspNetCompiler.FixedNames = "false"
		Release.AspNetCompiler.Debug = "False"
		VWDPort = "57155"
	EndProjectSection
EndProject
Global
	GlobalSection(SolutionConfigurationPlatforms) = preSolution
		Debug|Any CPU = Debug|Any CPU
	EndGlobalSection
	GlobalSection(ProjectConfigurationPlatforms) = postSolution
		{1282D2A1-ADA0-4E57-9E6A-F8D812B7DF2C}.Debug|Any CPU.ActiveCfg = Debug|Any CPU
		{1282D2A1-ADA0-4E57-9E6A-F8D812B7DF2C}.Debug|Any CPU.Build.0 = Debug|Any CPU
	EndGlobalSection
	GlobalSection(SolutionProperties) = preSolution
		HideSolutionNode = FALSE
	EndGlobalSection
EndGlobal
